Microsoft Visual Studio Solution File, Format Version 12.00
# Visual Studio Version 17
VisualStudioVersion = 17.5.2.0
MinimumVisualStudioVersion = 10.0.40219.1
Project("{FAE04EC0-301F-11D3-BF4B-00C04F79EFBC}") = "ProjectManagerAppAPI", "ProjectManagerAppAPI.csproj", "{C826B9C4-27ED-FBE7-93B3-2526BB070DCA}"
EndProject
Global
	GlobalSection(SolutionConfigurationPlatforms) = preSolution
		Debug|Any CPU = Debug|Any CPU
		Release|Any CPU = Release|Any CPU
	EndGlobalSection
	GlobalSection(ProjectConfigurationPlatforms) = postSolution
		{C826B9C4-27ED-FBE7-93B3-2526BB070DCA}.Debug|Any CPU.ActiveCfg = Debug|Any CPU
		{C826B9C4-27ED-FBE7-93B3-2526BB070DCA}.Debug|Any CPU.Build.0 = Debug|Any CPU
		{C826B9C4-27ED-FBE7-93B3-2526BB070DCA}.Release|Any CPU.ActiveCfg = Release|Any CPU
		{C826B9C4-27ED-FBE7-93B3-2526BB070DCA}.Release|Any CPU.Build.0 = Release|Any CPU
	EndGlobalSection
	GlobalSection(SolutionProperties) = preSolution
		HideSolutionNode = FALSE
	EndGlobalSection
	GlobalSection(ExtensibilityGlobals) = postSolution
		SolutionGuid = {73FB6873-0276-425C-A50F-E73080A6E12F}
	EndGlobalSection
EndGlobal
